
Microsoft Visual Studio Solution File, Format Version 12.00
# Visual Studio Version 16
VisualStudioVersion = 16.0.29209.152
MinimumVisualStudioVersion = 10.0.40219.1
Project("{9A19103F-16F7-4668-BE54-9A1E7A4F7556}") = "OmahaMTG", "src\OmahaMTG\OmahaMTG.csproj", "{AEB5DF81-946C-4CEA-8DCA-768A9C06198E}"
EndProject
Project("{2150E333-8FDC-42A3-9474-1A3956D46DE8}") = "util", "util", "{E65FB40E-F252-488B-BCD5-7C461538C7B4}"
	ProjectSection(SolutionItems) = preProject
		CreateOmahaMtgMigration.bat = CreateOmahaMtgMigration.bat
		DropDb.sql = DropDb.sql
		notes.txt = notes.txt
	EndProjectSection
EndProject
Project("{9A19103F-16F7-4668-BE54-9A1E7A4F7556}") = "OmahaMTG.Site", "src\OmahaMTG.Site\OmahaMTG.Site.csproj", "{EDF05517-A51F-4C9A-B94E-70DF8DE0816E}"
EndProject
Project("{FAE04EC0-301F-11D3-BF4B-00C04F79EFBC}") = "Hero4Hire.Architecture", "src\Hero4Hire.Architecture\Hero4Hire.Architecture.csproj", "{240BE75E-A8F7-4F65-93AD-D6BD11A19402}"
EndProject
Global
	GlobalSection(SolutionConfigurationPlatforms) = preSolution
		Debug|Any CPU = Debug|Any CPU
		Release|Any CPU = Release|Any CPU
	EndGlobalSection
	GlobalSection(ProjectConfigurationPlatforms) = postSolution
		{AEB5DF81-946C-4CEA-8DCA-768A9C06198E}.Debug|Any CPU.ActiveCfg = Debug|Any CPU
		{AEB5DF81-946C-4CEA-8DCA-768A9C06198E}.Debug|Any CPU.Build.0 = Debug|Any CPU
		{AEB5DF81-946C-4CEA-8DCA-768A9C06198E}.Release|Any CPU.ActiveCfg = Release|Any CPU
		{AEB5DF81-946C-4CEA-8DCA-768A9C06198E}.Release|Any CPU.Build.0 = Release|Any CPU
		{EDF05517-A51F-4C9A-B94E-70DF8DE0816E}.Debug|Any CPU.ActiveCfg = Debug|Any CPU
		{EDF05517-A51F-4C9A-B94E-70DF8DE0816E}.Debug|Any CPU.Build.0 = Debug|Any CPU
		{EDF05517-A51F-4C9A-B94E-70DF8DE0816E}.Release|Any CPU.ActiveCfg = Release|Any CPU
		{EDF05517-A51F-4C9A-B94E-70DF8DE0816E}.Release|Any CPU.Build.0 = Release|Any CPU
		{240BE75E-A8F7-4F65-93AD-D6BD11A19402}.Debug|Any CPU.ActiveCfg = Debug|Any CPU
		{240BE75E-A8F7-4F65-93AD-D6BD11A19402}.Debug|Any CPU.Build.0 = Debug|Any CPU
		{240BE75E-A8F7-4F65-93AD-D6BD11A19402}.Release|Any CPU.ActiveCfg = Release|Any CPU
		{240BE75E-A8F7-4F65-93AD-D6BD11A19402}.Release|Any CPU.Build.0 = Release|Any CPU
	EndGlobalSection
	GlobalSection(SolutionProperties) = preSolution
		HideSolutionNode = FALSE
	EndGlobalSection
	GlobalSection(ExtensibilityGlobals) = postSolution
		SolutionGuid = {5077A468-A00D-4097-8276-EA0F63687E76}
	EndGlobalSection
EndGlobal
